
Microsoft Visual Studio Solution File, Format Version 12.00
# Visual Studio Version 17
VisualStudioVersion = 17.4.33122.133
MinimumVisualStudioVersion = 10.0.40219.1
Project("{2150E333-8FDC-42A3-9474-1A3956D46DE8}") = "Services", "Services", "{42EC5482-BFDC-4CC9-BAC2-F6DDE5123F91}"
EndProject
Project("{2150E333-8FDC-42A3-9474-1A3956D46DE8}") = "Catalog", "Catalog", "{DD884FE7-4EC2-430A-A112-313914B2A9DB}"
EndProject
Project("{9A19103F-16F7-4668-BE54-9A1E7A4F7556}") = "Catalog.Api", "Services\Catalog\Catalog.Api\Catalog.Api.csproj", "{77EEF02A-8B9F-4C53-9165-78F62D1218C1}"
EndProject
Project("{9A19103F-16F7-4668-BE54-9A1E7A4F7556}") = "Shared", "Shared\Shared.csproj", "{904608C9-4EB3-4F4B-AC85-7C7C7A7B52A9}"
EndProject
Project("{9A19103F-16F7-4668-BE54-9A1E7A4F7556}") = "IdentityServer", "IdentityServer\IdentityServer.csproj", "{3631487B-E86F-4850-9592-8C4F31AD3322}"
EndProject
Project("{2150E333-8FDC-42A3-9474-1A3956D46DE8}") = "PhotoStock", "PhotoStock", "{BF815192-38EA-44B0-8010-CE49EBB94B88}"
EndProject
Project("{9A19103F-16F7-4668-BE54-9A1E7A4F7556}") = "PhotoStock.Api", "Services\PhotoStock\PhotoStock.Api\PhotoStock.Api.csproj", "{EDD26D3F-AFAC-4826-BADE-8D9DDB9C41E4}"
EndProject
Project("{2150E333-8FDC-42A3-9474-1A3956D46DE8}") = "Basket", "Basket", "{B4769921-8D3F-4FCD-9B4D-7970104DA2D6}"
EndProject
Project("{9A19103F-16F7-4668-BE54-9A1E7A4F7556}") = "Basket.Api", "Services\Basket\Basket.Api\Basket.Api.csproj", "{B4FC89D9-F6E6-40DA-ACFB-9AA57F22EF76}"
EndProject
Project("{2150E333-8FDC-42A3-9474-1A3956D46DE8}") = "Discount", "Discount", "{7518C627-E7E4-48E5-8A95-D1D64ED5F0F6}"
EndProject
Project("{9A19103F-16F7-4668-BE54-9A1E7A4F7556}") = "Discount.Api", "Services\Discount\Discount.Api\Discount.Api.csproj", "{2BAA0C36-619A-43E2-B21E-60341C84BEC3}"
EndProject
Project("{2150E333-8FDC-42A3-9474-1A3956D46DE8}") = "Order", "Order", "{9EF403A7-3FFE-431A-BC19-98BF8664A9FC}"
EndProject
Project("{9A19103F-16F7-4668-BE54-9A1E7A4F7556}") = "Order.Api", "Services\Order\Order.Api\Order.Api.csproj", "{58925406-17C5-4022-AB2D-A2184F97B75A}"
EndProject
Project("{9A19103F-16F7-4668-BE54-9A1E7A4F7556}") = "Order.Domain.Core", "Services\Order\Order.Domain.Core\Order.Domain.Core.csproj", "{D48829D2-DCE7-484E-8EB1-64F7E6600E0D}"
EndProject
Project("{9A19103F-16F7-4668-BE54-9A1E7A4F7556}") = "Order.Domain", "Services\Order\Order.Domain\Order.Domain.csproj", "{02D877C2-A85D-4949-8992-9BE41087B641}"
EndProject
Project("{9A19103F-16F7-4668-BE54-9A1E7A4F7556}") = "Order.Application", "Services\Order\Order.Application\Order.Application.csproj", "{7DAF6D8A-54C0-40A5-A878-1B0453FD46E8}"
EndProject
Project("{FAE04EC0-301F-11D3-BF4B-00C04F79EFBC}") = "Order.Infrastructure", "Services\Order\Order.Infrastructure\Order.Infrastructure.csproj", "{01490275-7CAE-4616-A8A7-AB6DBC7C0717}"
EndProject
Global
	GlobalSection(SolutionConfigurationPlatforms) = preSolution
		Debug|Any CPU = Debug|Any CPU
		Release|Any CPU = Release|Any CPU
	EndGlobalSection
	GlobalSection(ProjectConfigurationPlatforms) = postSolution
		{77EEF02A-8B9F-4C53-9165-78F62D1218C1}.Debug|Any CPU.ActiveCfg = Debug|Any CPU
		{77EEF02A-8B9F-4C53-9165-78F62D1218C1}.Debug|Any CPU.Build.0 = Debug|Any CPU
		{77EEF02A-8B9F-4C53-9165-78F62D1218C1}.Release|Any CPU.ActiveCfg = Release|Any CPU
		{77EEF02A-8B9F-4C53-9165-78F62D1218C1}.Release|Any CPU.Build.0 = Release|Any CPU
		{904608C9-4EB3-4F4B-AC85-7C7C7A7B52A9}.Debug|Any CPU.ActiveCfg = Debug|Any CPU
		{904608C9-4EB3-4F4B-AC85-7C7C7A7B52A9}.Debug|Any CPU.Build.0 = Debug|Any CPU
		{904608C9-4EB3-4F4B-AC85-7C7C7A7B52A9}.Release|Any CPU.ActiveCfg = Release|Any CPU
		{904608C9-4EB3-4F4B-AC85-7C7C7A7B52A9}.Release|Any CPU.Build.0 = Release|Any CPU
		{3631487B-E86F-4850-9592-8C4F31AD3322}.Debug|Any CPU.ActiveCfg = Debug|Any CPU
		{3631487B-E86F-4850-9592-8C4F31AD3322}.Debug|Any CPU.Build.0 = Debug|Any CPU
		{3631487B-E86F-4850-9592-8C4F31AD3322}.Release|Any CPU.ActiveCfg = Release|Any CPU
		{3631487B-E86F-4850-9592-8C4F31AD3322}.Release|Any CPU.Build.0 = Release|Any CPU
		{EDD26D3F-AFAC-4826-BADE-8D9DDB9C41E4}.Debug|Any CPU.ActiveCfg = Debug|Any CPU
		{EDD26D3F-AFAC-4826-BADE-8D9DDB9C41E4}.Debug|Any CPU.Build.0 = Debug|Any CPU
		{EDD26D3F-AFAC-4826-BADE-8D9DDB9C41E4}.Release|Any CPU.ActiveCfg = Release|Any CPU
		{EDD26D3F-AFAC-4826-BADE-8D9DDB9C41E4}.Release|Any CPU.Build.0 = Release|Any CPU
		{B4FC89D9-F6E6-40DA-ACFB-9AA57F22EF76}.Debug|Any CPU.ActiveCfg = Debug|Any CPU
		{B4FC89D9-F6E6-40DA-ACFB-9AA57F22EF76}.Debug|Any CPU.Build.0 = Debug|Any CPU
		{B4FC89D9-F6E6-40DA-ACFB-9AA57F22EF76}.Release|Any CPU.ActiveCfg = Release|Any CPU
		{B4FC89D9-F6E6-40DA-ACFB-9AA57F22EF76}.Release|Any CPU.Build.0 = Release|Any CPU
		{2BAA0C36-619A-43E2-B21E-60341C84BEC3}.Debug|Any CPU.ActiveCfg = Debug|Any CPU
		{2BAA0C36-619A-43E2-B21E-60341C84BEC3}.Debug|Any CPU.Build.0 = Debug|Any CPU
		{2BAA0C36-619A-43E2-B21E-60341C84BEC3}.Release|Any CPU.ActiveCfg = Release|Any CPU
		{2BAA0C36-619A-43E2-B21E-60341C84BEC3}.Release|Any CPU.Build.0 = Release|Any CPU
		{58925406-17C5-4022-AB2D-A2184F97B75A}.Debug|Any CPU.ActiveCfg = Debug|Any CPU
		{58925406-17C5-4022-AB2D-A2184F97B75A}.Debug|Any CPU.Build.0 = Debug|Any CPU
		{58925406-17C5-4022-AB2D-A2184F97B75A}.Release|Any CPU.ActiveCfg = Release|Any CPU
		{58925406-17C5-4022-AB2D-A2184F97B75A}.Release|Any CPU.Build.0 = Release|Any CPU
		{D48829D2-DCE7-484E-8EB1-64F7E6600E0D}.Debug|Any CPU.ActiveCfg = Debug|Any CPU
		{D48829D2-DCE7-484E-8EB1-64F7E6600E0D}.Debug|Any CPU.Build.0 = Debug|Any CPU
		{D48829D2-DCE7-484E-8EB1-64F7E6600E0D}.Release|Any CPU.ActiveCfg = Release|Any CPU
		{D48829D2-DCE7-484E-8EB1-64F7E6600E0D}.Release|Any CPU.Build.0 = Release|Any CPU
		{02D877C2-A85D-4949-8992-9BE41087B641}.Debug|Any CPU.ActiveCfg = Debug|Any CPU
		{02D877C2-A85D-4949-8992-9BE41087B641}.Debug|Any CPU.Build.0 = Debug|Any CPU
		{02D877C2-A85D-4949-8992-9BE41087B641}.Release|Any CPU.ActiveCfg = Release|Any CPU
		{02D877C2-A85D-4949-8992-9BE41087B641}.Release|Any CPU.Build.0 = Release|Any CPU
		{7DAF6D8A-54C0-40A5-A878-1B0453FD46E8}.Debug|Any CPU.ActiveCfg = Debug|Any CPU
		{7DAF6D8A-54C0-40A5-A878-1B0453FD46E8}.Debug|Any CPU.Build.0 = Debug|Any CPU
		{7DAF6D8A-54C0-40A5-A878-1B0453FD46E8}.Release|Any CPU.ActiveCfg = Release|Any CPU
		{7DAF6D8A-54C0-40A5-A878-1B0453FD46E8}.Release|Any CPU.Build.0 = Release|Any CPU
		{01490275-7CAE-4616-A8A7-AB6DBC7C0717}.Debug|Any CPU.ActiveCfg = Debug|Any CPU
		{01490275-7CAE-4616-A8A7-AB6DBC7C0717}.Debug|Any CPU.Build.0 = Debug|Any CPU
		{01490275-7CAE-4616-A8A7-AB6DBC7C0717}.Release|Any CPU.ActiveCfg = Release|Any CPU
		{01490275-7CAE-4616-A8A7-AB6DBC7C0717}.Release|Any CPU.Build.0 = Release|Any CPU
	EndGlobalSection
	GlobalSection(SolutionProperties) = preSolution
		HideSolutionNode = FALSE
	EndGlobalSection
	GlobalSection(NestedProjects) = preSolution
		{DD884FE7-4EC2-430A-A112-313914B2A9DB} = {42EC5482-BFDC-4CC9-BAC2-F6DDE5123F91}
		{77EEF02A-8B9F-4C53-9165-78F62D1218C1} = {DD884FE7-4EC2-430A-A112-313914B2A9DB}
		{BF815192-38EA-44B0-8010-CE49EBB94B88} = {42EC5482-BFDC-4CC9-BAC2-F6DDE5123F91}
		{EDD26D3F-AFAC-4826-BADE-8D9DDB9C41E4} = {BF815192-38EA-44B0-8010-CE49EBB94B88}
		{B4769921-8D3F-4FCD-9B4D-7970104DA2D6} = {42EC5482-BFDC-4CC9-BAC2-F6DDE5123F91}
		{B4FC89D9-F6E6-40DA-ACFB-9AA57F22EF76} = {B4769921-8D3F-4FCD-9B4D-7970104DA2D6}
		{7518C627-E7E4-48E5-8A95-D1D64ED5F0F6} = {42EC5482-BFDC-4CC9-BAC2-F6DDE5123F91}
		{2BAA0C36-619A-43E2-B21E-60341C84BEC3} = {7518C627-E7E4-48E5-8A95-D1D64ED5F0F6}
		{9EF403A7-3FFE-431A-BC19-98BF8664A9FC} = {42EC5482-BFDC-4CC9-BAC2-F6DDE5123F91}
		{58925406-17C5-4022-AB2D-A2184F97B75A} = {9EF403A7-3FFE-431A-BC19-98BF8664A9FC}
		{D48829D2-DCE7-484E-8EB1-64F7E6600E0D} = {9EF403A7-3FFE-431A-BC19-98BF8664A9FC}
		{02D877C2-A85D-4949-8992-9BE41087B641} = {9EF403A7-3FFE-431A-BC19-98BF8664A9FC}
		{7DAF6D8A-54C0-40A5-A878-1B0453FD46E8} = {9EF403A7-3FFE-431A-BC19-98BF8664A9FC}
		{01490275-7CAE-4616-A8A7-AB6DBC7C0717} = {9EF403A7-3FFE-431A-BC19-98BF8664A9FC}
	EndGlobalSection
	GlobalSection(ExtensibilityGlobals) = postSolution
		SolutionGuid = {615D544D-D45A-4171-89E6-4B6E3E655DAE}
	EndGlobalSection
EndGlobal
